
Microsoft Visual Studio Solution File, Format Version 12.00
Project("{2150E333-8FDC-42A3-9474-1A3956D46DE8}") = "IoC", "IoC", "{09D0DE95-5763-4F01-AF7F-1797196C1B52}"
EndProject
Project("{FAE04EC0-301F-11D3-BF4B-00C04F79EFBC}") = "1.Inheritance", "IoC\1.Inheritance\1.Inheritance.csproj", "{DD5EBEAA-C5BF-48C1-A014-FE228B364E03}"
EndProject
Project("{FAE04EC0-301F-11D3-BF4B-00C04F79EFBC}") = "2.Composition", "IoC\2.Composition\2.Composition.csproj", "{85635C0C-7E26-4991-AE50-10AB0A4A118E}"
EndProject
Project("{FAE04EC0-301F-11D3-BF4B-00C04F79EFBC}") = "3.BasicsDI", "IoC\3.BasicsDI\3.BasicsDI.csproj", "{32F41078-053D-4C5D-92AD-04687B7103D9}"
EndProject
Project("{FAE04EC0-301F-11D3-BF4B-00C04F79EFBC}") = "Shared", "IoC\Shared\Shared.csproj", "{BB9577D9-AC89-42BA-9A43-DC46148B74FE}"
EndProject
Project("{FAE04EC0-301F-11D3-BF4B-00C04F79EFBC}") = "4.ImplementationFactory", "IoC\4.ImplementationFactory\4.ImplementationFactory.csproj", "{AFC8C134-FDCE-4CD1-9060-BA249C91A5CE}"
EndProject
Project("{FAE04EC0-301F-11D3-BF4B-00C04F79EFBC}") = "5.ServiceDescriptor", "IoC\5.ServiceDescriptor\5.ServiceDescriptor.csproj", "{465CE8CF-5ABA-4213-8917-3B1F4C6F5F5C}"
EndProject
Project("{FAE04EC0-301F-11D3-BF4B-00C04F79EFBC}") = "6.TryAdd", "IoC\6.TryAdd\6.TryAdd.csproj", "{0091DA93-7932-4E56-B33A-4EB0F12D337D}"
EndProject
Project("{FAE04EC0-301F-11D3-BF4B-00C04F79EFBC}") = "7.ReplacingDependencies", "IoC\7.ReplacingDependencies\7.ReplacingDependencies.csproj", "{28FD8472-CB17-443B-8BA4-77867E65CA23}"
EndProject
Project("{FAE04EC0-301F-11D3-BF4B-00C04F79EFBC}") = "8.CleanupServiceRegistration", "IoC\8.CleanupServiceRegistration\8.CleanupServiceRegistration.csproj", "{C7DC2A05-FCE0-4963-BA32-4B4D1F6B62C8}"
EndProject
Project("{FAE04EC0-301F-11D3-BF4B-00C04F79EFBC}") = "9.Lifetime", "IoC\9.Lifetime\9.Lifetime.csproj", "{4D8A6049-8396-4055-8AA1-BF7259B88EE7}"
EndProject
Project("{FAE04EC0-301F-11D3-BF4B-00C04F79EFBC}") = "10.CustomScope", "IoC\10.CustomScope\10.CustomScope.csproj", "{1E462CED-8C6A-405B-806A-F7D95D2A4085}"
EndProject
Project("{FAE04EC0-301F-11D3-BF4B-00C04F79EFBC}") = "Playground", "IoC\Playground\Playground.csproj", "{2B6538A5-CE23-42E1-8077-23883085BAFA}"
EndProject
Project("{FAE04EC0-301F-11D3-BF4B-00C04F79EFBC}") = "11.CircularDependencies", "IoC\11.CircularDependencies\11.CircularDependencies.csproj", "{DF1754C6-8BC7-478B-B1C7-6C3EAE66F898}"
EndProject
Global
	GlobalSection(SolutionConfigurationPlatforms) = preSolution
		Debug|Any CPU = Debug|Any CPU
		Release|Any CPU = Release|Any CPU
	EndGlobalSection
	GlobalSection(NestedProjects) = preSolution
		{DD5EBEAA-C5BF-48C1-A014-FE228B364E03} = {09D0DE95-5763-4F01-AF7F-1797196C1B52}
		{85635C0C-7E26-4991-AE50-10AB0A4A118E} = {09D0DE95-5763-4F01-AF7F-1797196C1B52}
		{32F41078-053D-4C5D-92AD-04687B7103D9} = {09D0DE95-5763-4F01-AF7F-1797196C1B52}
		{BB9577D9-AC89-42BA-9A43-DC46148B74FE} = {09D0DE95-5763-4F01-AF7F-1797196C1B52}
		{AFC8C134-FDCE-4CD1-9060-BA249C91A5CE} = {09D0DE95-5763-4F01-AF7F-1797196C1B52}
		{465CE8CF-5ABA-4213-8917-3B1F4C6F5F5C} = {09D0DE95-5763-4F01-AF7F-1797196C1B52}
		{0091DA93-7932-4E56-B33A-4EB0F12D337D} = {09D0DE95-5763-4F01-AF7F-1797196C1B52}
		{28FD8472-CB17-443B-8BA4-77867E65CA23} = {09D0DE95-5763-4F01-AF7F-1797196C1B52}
		{C7DC2A05-FCE0-4963-BA32-4B4D1F6B62C8} = {09D0DE95-5763-4F01-AF7F-1797196C1B52}
		{4D8A6049-8396-4055-8AA1-BF7259B88EE7} = {09D0DE95-5763-4F01-AF7F-1797196C1B52}
		{1E462CED-8C6A-405B-806A-F7D95D2A4085} = {09D0DE95-5763-4F01-AF7F-1797196C1B52}
		{2B6538A5-CE23-42E1-8077-23883085BAFA} = {09D0DE95-5763-4F01-AF7F-1797196C1B52}
		{DF1754C6-8BC7-478B-B1C7-6C3EAE66F898} = {09D0DE95-5763-4F01-AF7F-1797196C1B52}
	EndGlobalSection
	GlobalSection(ProjectConfigurationPlatforms) = postSolution
		{DD5EBEAA-C5BF-48C1-A014-FE228B364E03}.Debug|Any CPU.ActiveCfg = Debug|Any CPU
		{DD5EBEAA-C5BF-48C1-A014-FE228B364E03}.Debug|Any CPU.Build.0 = Debug|Any CPU
		{DD5EBEAA-C5BF-48C1-A014-FE228B364E03}.Release|Any CPU.ActiveCfg = Release|Any CPU
		{DD5EBEAA-C5BF-48C1-A014-FE228B364E03}.Release|Any CPU.Build.0 = Release|Any CPU
		{85635C0C-7E26-4991-AE50-10AB0A4A118E}.Debug|Any CPU.ActiveCfg = Debug|Any CPU
		{85635C0C-7E26-4991-AE50-10AB0A4A118E}.Debug|Any CPU.Build.0 = Debug|Any CPU
		{85635C0C-7E26-4991-AE50-10AB0A4A118E}.Release|Any CPU.ActiveCfg = Release|Any CPU
		{85635C0C-7E26-4991-AE50-10AB0A4A118E}.Release|Any CPU.Build.0 = Release|Any CPU
		{32F41078-053D-4C5D-92AD-04687B7103D9}.Debug|Any CPU.ActiveCfg = Debug|Any CPU
		{32F41078-053D-4C5D-92AD-04687B7103D9}.Debug|Any CPU.Build.0 = Debug|Any CPU
		{32F41078-053D-4C5D-92AD-04687B7103D9}.Release|Any CPU.ActiveCfg = Release|Any CPU
		{32F41078-053D-4C5D-92AD-04687B7103D9}.Release|Any CPU.Build.0 = Release|Any CPU
		{BB9577D9-AC89-42BA-9A43-DC46148B74FE}.Debug|Any CPU.ActiveCfg = Debug|Any CPU
		{BB9577D9-AC89-42BA-9A43-DC46148B74FE}.Debug|Any CPU.Build.0 = Debug|Any CPU
		{BB9577D9-AC89-42BA-9A43-DC46148B74FE}.Release|Any CPU.ActiveCfg = Release|Any CPU
		{BB9577D9-AC89-42BA-9A43-DC46148B74FE}.Release|Any CPU.Build.0 = Release|Any CPU
		{AFC8C134-FDCE-4CD1-9060-BA249C91A5CE}.Debug|Any CPU.ActiveCfg = Debug|Any CPU
		{AFC8C134-FDCE-4CD1-9060-BA249C91A5CE}.Debug|Any CPU.Build.0 = Debug|Any CPU
		{AFC8C134-FDCE-4CD1-9060-BA249C91A5CE}.Release|Any CPU.ActiveCfg = Release|Any CPU
		{AFC8C134-FDCE-4CD1-9060-BA249C91A5CE}.Release|Any CPU.Build.0 = Release|Any CPU
		{465CE8CF-5ABA-4213-8917-3B1F4C6F5F5C}.Debug|Any CPU.ActiveCfg = Debug|Any CPU
		{465CE8CF-5ABA-4213-8917-3B1F4C6F5F5C}.Debug|Any CPU.Build.0 = Debug|Any CPU
		{465CE8CF-5ABA-4213-8917-3B1F4C6F5F5C}.Release|Any CPU.ActiveCfg = Release|Any CPU
		{465CE8CF-5ABA-4213-8917-3B1F4C6F5F5C}.Release|Any CPU.Build.0 = Release|Any CPU
		{0091DA93-7932-4E56-B33A-4EB0F12D337D}.Debug|Any CPU.ActiveCfg = Debug|Any CPU
		{0091DA93-7932-4E56-B33A-4EB0F12D337D}.Debug|Any CPU.Build.0 = Debug|Any CPU
		{0091DA93-7932-4E56-B33A-4EB0F12D337D}.Release|Any CPU.ActiveCfg = Release|Any CPU
		{0091DA93-7932-4E56-B33A-4EB0F12D337D}.Release|Any CPU.Build.0 = Release|Any CPU
		{28FD8472-CB17-443B-8BA4-77867E65CA23}.Debug|Any CPU.ActiveCfg = Debug|Any CPU
		{28FD8472-CB17-443B-8BA4-77867E65CA23}.Debug|Any CPU.Build.0 = Debug|Any CPU
		{28FD8472-CB17-443B-8BA4-77867E65CA23}.Release|Any CPU.ActiveCfg = Release|Any CPU
		{28FD8472-CB17-443B-8BA4-77867E65CA23}.Release|Any CPU.Build.0 = Release|Any CPU
		{C7DC2A05-FCE0-4963-BA32-4B4D1F6B62C8}.Debug|Any CPU.ActiveCfg = Debug|Any CPU
		{C7DC2A05-FCE0-4963-BA32-4B4D1F6B62C8}.Debug|Any CPU.Build.0 = Debug|Any CPU
		{C7DC2A05-FCE0-4963-BA32-4B4D1F6B62C8}.Release|Any CPU.ActiveCfg = Release|Any CPU
		{C7DC2A05-FCE0-4963-BA32-4B4D1F6B62C8}.Release|Any CPU.Build.0 = Release|Any CPU
		{4D8A6049-8396-4055-8AA1-BF7259B88EE7}.Debug|Any CPU.ActiveCfg = Debug|Any CPU
		{4D8A6049-8396-4055-8AA1-BF7259B88EE7}.Debug|Any CPU.Build.0 = Debug|Any CPU
		{4D8A6049-8396-4055-8AA1-BF7259B88EE7}.Release|Any CPU.ActiveCfg = Release|Any CPU
		{4D8A6049-8396-4055-8AA1-BF7259B88EE7}.Release|Any CPU.Build.0 = Release|Any CPU
		{1E462CED-8C6A-405B-806A-F7D95D2A4085}.Debug|Any CPU.ActiveCfg = Debug|Any CPU
		{1E462CED-8C6A-405B-806A-F7D95D2A4085}.Debug|Any CPU.Build.0 = Debug|Any CPU
		{1E462CED-8C6A-405B-806A-F7D95D2A4085}.Release|Any CPU.ActiveCfg = Release|Any CPU
		{1E462CED-8C6A-405B-806A-F7D95D2A4085}.Release|Any CPU.Build.0 = Release|Any CPU
		{2B6538A5-CE23-42E1-8077-23883085BAFA}.Debug|Any CPU.ActiveCfg = Debug|Any CPU
		{2B6538A5-CE23-42E1-8077-23883085BAFA}.Debug|Any CPU.Build.0 = Debug|Any CPU
		{2B6538A5-CE23-42E1-8077-23883085BAFA}.Release|Any CPU.ActiveCfg = Release|Any CPU
		{2B6538A5-CE23-42E1-8077-23883085BAFA}.Release|Any CPU.Build.0 = Release|Any CPU
		{DF1754C6-8BC7-478B-B1C7-6C3EAE66F898}.Debug|Any CPU.ActiveCfg = Debug|Any CPU
		{DF1754C6-8BC7-478B-B1C7-6C3EAE66F898}.Debug|Any CPU.Build.0 = Debug|Any CPU
		{DF1754C6-8BC7-478B-B1C7-6C3EAE66F898}.Release|Any CPU.ActiveCfg = Release|Any CPU
		{DF1754C6-8BC7-478B-B1C7-6C3EAE66F898}.Release|Any CPU.Build.0 = Release|Any CPU
	EndGlobalSection
EndGlobal
